
Microsoft Visual Studio Solution File, Format Version 12.00
# Visual Studio Version 16
VisualStudioVersion = 16.0.29424.173
MinimumVisualStudioVersion = 10.0.40219.1
Project("{9A19103F-16F7-4668-BE54-9A1E7A4F7556}") = "IsaacDemo", "IsaacDemo.csproj", "{69DD5274-A26A-4DA9-94EC-D6D7CDDD76F7}"
EndProject
Project("{FAE04EC0-301F-11D3-BF4B-00C04F79EFBC}") = "Shared", "..\IsaacShared\Shared\Shared.csproj", "{BC75FC01-5988-4C0B-83B3-D95AFBC67648}"
EndProject
Project("{FAE04EC0-301F-11D3-BF4B-00C04F79EFBC}") = "MyCustomComponents", "..\IsaacComponents\MyCustomComponents\MyCustomComponents.csproj", "{96CF26A8-6518-4F00-8F3F-2591C1099358}"
EndProject
Global
	GlobalSection(SolutionConfigurationPlatforms) = preSolution
		Debug|Any CPU = Debug|Any CPU
		Debug|x64 = Debug|x64
		Release|Any CPU = Release|Any CPU
		Release|x64 = Release|x64
	EndGlobalSection
	GlobalSection(ProjectConfigurationPlatforms) = postSolution
		{69DD5274-A26A-4DA9-94EC-D6D7CDDD76F7}.Debug|Any CPU.ActiveCfg = Debug|Any CPU
		{69DD5274-A26A-4DA9-94EC-D6D7CDDD76F7}.Debug|Any CPU.Build.0 = Debug|Any CPU
		{69DD5274-A26A-4DA9-94EC-D6D7CDDD76F7}.Debug|x64.ActiveCfg = Debug|x64
		{69DD5274-A26A-4DA9-94EC-D6D7CDDD76F7}.Debug|x64.Build.0 = Debug|x64
		{69DD5274-A26A-4DA9-94EC-D6D7CDDD76F7}.Release|Any CPU.ActiveCfg = Release|Any CPU
		{69DD5274-A26A-4DA9-94EC-D6D7CDDD76F7}.Release|Any CPU.Build.0 = Release|Any CPU
		{69DD5274-A26A-4DA9-94EC-D6D7CDDD76F7}.Release|x64.ActiveCfg = Release|x64
		{69DD5274-A26A-4DA9-94EC-D6D7CDDD76F7}.Release|x64.Build.0 = Release|x64
		{BC75FC01-5988-4C0B-83B3-D95AFBC67648}.Debug|Any CPU.ActiveCfg = Debug|Any CPU
		{BC75FC01-5988-4C0B-83B3-D95AFBC67648}.Debug|Any CPU.Build.0 = Debug|Any CPU
		{BC75FC01-5988-4C0B-83B3-D95AFBC67648}.Debug|x64.ActiveCfg = Debug|Any CPU
		{BC75FC01-5988-4C0B-83B3-D95AFBC67648}.Debug|x64.Build.0 = Debug|Any CPU
		{BC75FC01-5988-4C0B-83B3-D95AFBC67648}.Release|Any CPU.ActiveCfg = Release|Any CPU
		{BC75FC01-5988-4C0B-83B3-D95AFBC67648}.Release|Any CPU.Build.0 = Release|Any CPU
		{BC75FC01-5988-4C0B-83B3-D95AFBC67648}.Release|x64.ActiveCfg = Release|Any CPU
		{BC75FC01-5988-4C0B-83B3-D95AFBC67648}.Release|x64.Build.0 = Release|Any CPU
		{96CF26A8-6518-4F00-8F3F-2591C1099358}.Debug|Any CPU.ActiveCfg = Debug|Any CPU
		{96CF26A8-6518-4F00-8F3F-2591C1099358}.Debug|Any CPU.Build.0 = Debug|Any CPU
		{96CF26A8-6518-4F00-8F3F-2591C1099358}.Debug|x64.ActiveCfg = Debug|Any CPU
		{96CF26A8-6518-4F00-8F3F-2591C1099358}.Debug|x64.Build.0 = Debug|Any CPU
		{96CF26A8-6518-4F00-8F3F-2591C1099358}.Release|Any CPU.ActiveCfg = Release|Any CPU
		{96CF26A8-6518-4F00-8F3F-2591C1099358}.Release|Any CPU.Build.0 = Release|Any CPU
		{96CF26A8-6518-4F00-8F3F-2591C1099358}.Release|x64.ActiveCfg = Release|Any CPU
		{96CF26A8-6518-4F00-8F3F-2591C1099358}.Release|x64.Build.0 = Release|Any CPU
	EndGlobalSection
	GlobalSection(SolutionProperties) = preSolution
		HideSolutionNode = FALSE
	EndGlobalSection
	GlobalSection(ExtensibilityGlobals) = postSolution
		SolutionGuid = {10A64328-A6BA-4BC4-B86E-01ED5B002D16}
	EndGlobalSection
EndGlobal
